// !$*UTF8*$!
{
	archiveVersion = 1;
	classes = {
	};
	objectVersion = 56;
	objects = {

/* Begin PBXBuildFile section */
		71173BF12957493A00419B98 /* AppDelegate.swift in Sources */ = {isa = PBXBuildFile; fileRef = 71173BF02957493A00419B98 /* AppDelegate.swift */; };
		71173BF32957493A00419B98 /* GameScene.sks in Resources */ = {isa = PBXBuildFile; fileRef = 71173BF22957493A00419B98 /* GameScene.sks */; };
		71173BF52957493A00419B98 /* Actions.sks in Resources */ = {isa = PBXBuildFile; fileRef = 71173BF42957493A00419B98 /* Actions.sks */; };
		71173BF72957493A00419B98 /* GameScene.swift in Sources */ = {isa = PBXBuildFile; fileRef = 71173BF62957493A00419B98 /* GameScene.swift */; };
		71173BF92957493A00419B98 /* GameViewController.swift in Sources */ = {isa = PBXBuildFile; fileRef = 71173BF82957493A00419B98 /* GameViewController.swift */; };
		71173BFC2957493A00419B98 /* Main.storyboard in Resources */ = {isa = PBXBuildFile; fileRef = 71173BFA2957493A00419B98 /* Main.storyboard */; };
		71173BFE2957493C00419B98 /* Assets.xcassets in Resources */ = {isa = PBXBuildFile; fileRef = 71173BFD2957493C00419B98 /* Assets.xcassets */; };
		71173C012957493C00419B98 /* LaunchScreen.storyboard in Resources */ = {isa = PBXBuildFile; fileRef = 71173BFF2957493C00419B98 /* LaunchScreen.storyboard */; };
		71173C082957544D00419B98 /* MyScene.sks in Resources */ = {isa = PBXBuildFile; fileRef = 71173C072957544D00419B98 /* MyScene.sks */; };
		71173C0A2957576200419B98 /* TestScene.swift in Sources */ = {isa = PBXBuildFile; fileRef = 71173C092957576200419B98 /* TestScene.swift */; };
		71173C0C29575AE500419B98 /* TestScene.sks in Resources */ = {isa = PBXBuildFile; fileRef = 71173C0B29575AE500419B98 /* TestScene.sks */; };
		71173C102957FBB400419B98 /* BecomingTense.mp3 in Resources */ = {isa = PBXBuildFile; fileRef = 71173C0F2957FBB400419B98 /* BecomingTense.mp3 */; };
		71B6B81729597454000C1659 /* ChargeParticleRed.sks in Resources */ = {isa = PBXBuildFile; fileRef = 71B6B81529597454000C1659 /* ChargeParticleRed.sks */; };
		71B6B81829597454000C1659 /* Assets.xcassets in Resources */ = {isa = PBXBuildFile; fileRef = 71B6B81629597454000C1659 /* Assets.xcassets */; };
		71B6B81A29599300000C1659 /* ChargeParticleBlue.sks in Resources */ = {isa = PBXBuildFile; fileRef = 71B6B81929599300000C1659 /* ChargeParticleBlue.sks */; };
		71B6B81C29599389000C1659 /* ChargeParticleYellow.sks in Resources */ = {isa = PBXBuildFile; fileRef = 71B6B81B29599389000C1659 /* ChargeParticleYellow.sks */; };
/* End PBXBuildFile section */

/* Begin PBXFileReference section */
		71173BED2957493A00419B98 /* BodyBreakRock.app */ = {isa = PBXFileReference; explicitFileType = wrapper.application; includeInIndex = 0; path = BodyBreakRock.app; sourceTree = BUILT_PRODUCTS_DIR; };
		71173BF02957493A00419B98 /* AppDelegate.swift */ = {isa = PBXFileReference; lastKnownFileType = sourcecode.swift; path = AppDelegate.swift; sourceTree = "<group>"; };
		71173BF22957493A00419B98 /* GameScene.sks */ = {isa = PBXFileReference; lastKnownFileType = file.sks; path = GameScene.sks; sourceTree = "<group>"; };
		71173BF42957493A00419B98 /* Actions.sks */ = {isa = PBXFileReference; lastKnownFileType = file.sks; path = Actions.sks; sourceTree = "<group>"; };
		71173BF62957493A00419B98 /* GameScene.swift */ = {isa = PBXFileReference; lastKnownFileType = sourcecode.swift; path = GameScene.swift; sourceTree = "<group>"; };
		71173BF82957493A00419B98 /* GameViewController.swift */ = {isa = PBXFileReference; lastKnownFileType = sourcecode.swift; path = GameViewController.swift; sourceTree = "<group>"; };
		71173BFB2957493A00419B98 /* Base */ = {isa = PBXFileReference; lastKnownFileType = file.storyboard; name = Base; path = Base.lproj/Main.storyboard; sourceTree = "<group>"; };
		71173BFD2957493C00419B98 /* Assets.xcassets */ = {isa = PBXFileReference; lastKnownFileType = folder.assetcatalog; path = Assets.xcassets; sourceTree = "<group>"; };
		71173C002957493C00419B98 /* Base */ = {isa = PBXFileReference; lastKnownFileType = file.storyboard; name = Base; path = Base.lproj/LaunchScreen.storyboard; sourceTree = "<group>"; };
		71173C072957544D00419B98 /* MyScene.sks */ = {isa = PBXFileReference; lastKnownFileType = file.sks; path = MyScene.sks; sourceTree = "<group>"; };
		71173C092957576200419B98 /* TestScene.swift */ = {isa = PBXFileReference; lastKnownFileType = sourcecode.swift; path = TestScene.swift; sourceTree = "<group>"; };
		71173C0B29575AE500419B98 /* TestScene.sks */ = {isa = PBXFileReference; lastKnownFileType = file.sks; path = TestScene.sks; sourceTree = "<group>"; };
		71173C0F2957FBB400419B98 /* BecomingTense.mp3 */ = {isa = PBXFileReference; lastKnownFileType = audio.mp3; path = BecomingTense.mp3; sourceTree = "<group>"; };
		71B6B81529597454000C1659 /* ChargeParticleRed.sks */ = {isa = PBXFileReference; lastKnownFileType = file.sks; path = ChargeParticleRed.sks; sourceTree = "<group>"; };
		71B6B81629597454000C1659 /* Assets.xcassets */ = {isa = PBXFileReference; lastKnownFileType = folder.assetcatalog; path = Assets.xcassets; sourceTree = "<group>"; };
		71B6B81929599300000C1659 /* ChargeParticleBlue.sks */ = {isa = PBXFileReference; lastKnownFileType = file.sks; path = ChargeParticleBlue.sks; sourceTree = "<group>"; };
		71B6B81B29599389000C1659 /* ChargeParticleYellow.sks */ = {isa = PBXFileReference; lastKnownFileType = file.sks; path = ChargeParticleYellow.sks; sourceTree = "<group>"; };
/* End PBXFileReference section */

/* Begin PBXFrameworksBuildPhase section */
		71173BEA2957493A00419B98 /* Frameworks */ = {
			isa = PBXFrameworksBuildPhase;
			buildActionMask = 2147483647;
			files = (
			);
			runOnlyForDeploymentPostprocessing = 0;
		};
/* End PBXFrameworksBuildPhase section */

/* Begin PBXGroup section */
		71173BE42957493A00419B98 = {
			isa = PBXGroup;
			children = (
				71B6B81529597454000C1659 /* ChargeParticleRed.sks */,
				71B6B81B29599389000C1659 /* ChargeParticleYellow.sks */,
				71B6B81929599300000C1659 /* ChargeParticleBlue.sks */,
				71B6B81629597454000C1659 /* Assets.xcassets */,
				71173BEF2957493A00419B98 /* BodyBreakRock */,
				71173BEE2957493A00419B98 /* Products */,
			);
			sourceTree = "<group>";
		};
		71173BEE2957493A00419B98 /* Products */ = {
			isa = PBXGroup;
			children = (
				71173BED2957493A00419B98 /* BodyBreakRock.app */,
			);
			name = Products;
			sourceTree = "<group>";
		};
		71173BEF2957493A00419B98 /* BodyBreakRock */ = {
			isa = PBXGroup;
			children = (
				71173BF02957493A00419B98 /* AppDelegate.swift */,
				71173BF22957493A00419B98 /* GameScene.sks */,
				71173BF42957493A00419B98 /* Actions.sks */,
				71173BF62957493A00419B98 /* GameScene.swift */,
				71173C072957544D00419B98 /* MyScene.sks */,
				71173BF82957493A00419B98 /* GameViewController.swift */,
				71173C092957576200419B98 /* TestScene.swift */,
				71173C0B29575AE500419B98 /* TestScene.sks */,
				71173BFA2957493A00419B98 /* Main.storyboard */,
				71173BFD2957493C00419B98 /* Assets.xcassets */,
				71173BFF2957493C00419B98 /* LaunchScreen.storyboard */,
				71173C0F2957FBB400419B98 /* BecomingTense.mp3 */,
			);
			path = BodyBreakRock;
			sourceTree = "<group>";
		};
/* End PBXGroup section */

/* Begin PBXNativeTarget section */
		71173BEC2957493A00419B98 /* BodyBreakRock */ = {
			isa = PBXNativeTarget;
			buildConfigurationList = 71173C042957493C00419B98 /* Build configuration list for PBXNativeTarget "BodyBreakRock" */;
			buildPhases = (
				71173BE92957493A00419B98 /* Sources */,
				71173BEA2957493A00419B98 /* Frameworks */,
				71173BEB2957493A00419B98 /* Resources */,
			);
			buildRules = (
			);
			dependencies = (
			);
			name = BodyBreakRock;
			productName = BodyBreakRock;
			productReference = 71173BED2957493A00419B98 /* BodyBreakRock.app */;
			productType = "com.apple.product-type.application";
		};
/* End PBXNativeTarget section */

/* Begin PBXProject section */
		71173BE52957493A00419B98 /* Project object */ = {
			isa = PBXProject;
			attributes = {
				BuildIndependentTargetsInParallel = 1;
				LastSwiftUpdateCheck = 1410;
				LastUpgradeCheck = 1410;
				TargetAttributes = {
					71173BEC2957493A00419B98 = {
						CreatedOnToolsVersion = 14.1;
					};
				};
			};
			buildConfigurationList = 71173BE82957493A00419B98 /* Build configuration list for PBXProject "BodyBreakRock" */;
			compatibilityVersion = "Xcode 14.0";
			developmentRegion = en;
			hasScannedForEncodings = 0;
			knownRegions = (
				en,
				Base,
			);
			mainGroup = 71173BE42957493A00419B98;
			productRefGroup = 71173BEE2957493A00419B98 /* Products */;
			projectDirPath = "";
			projectRoot = "";
			targets = (
				71173BEC2957493A00419B98 /* BodyBreakRock */,
			);
		};
/* End PBXProject section */

/* Begin PBXResourcesBuildPhase section */
		71173BEB2957493A00419B98 /* Resources */ = {
			isa = PBXResourcesBuildPhase;
			buildActionMask = 2147483647;
			files = (
				71173BFC2957493A00419B98 /* Main.storyboard in Resources */,
				71B6B81C29599389000C1659 /* ChargeParticleYellow.sks in Resources */,
				71173BF32957493A00419B98 /* GameScene.sks in Resources */,
				71173BFE2957493C00419B98 /* Assets.xcassets in Resources */,
				71173C0C29575AE500419B98 /* TestScene.sks in Resources */,
				71B6B81829597454000C1659 /* Assets.xcassets in Resources */,
				71B6B81A29599300000C1659 /* ChargeParticleBlue.sks in Resources */,
				71173C012957493C00419B98 /* LaunchScreen.storyboard in Resources */,
				71173C102957FBB400419B98 /* BecomingTense.mp3 in Resources */,
				71173C082957544D00419B98 /* MyScene.sks in Resources */,
				71173BF52957493A00419B98 /* Actions.sks in Resources */,
				71B6B81729597454000C1659 /* ChargeParticleRed.sks in Resources */,
			);
			runOnlyForDeploymentPostprocessing = 0;
		};
/* End PBXResourcesBuildPhase section */

/* Begin PBXSourcesBuildPhase section */
		71173BE92957493A00419B98 /* Sources */ = {
			isa = PBXSourcesBuildPhase;
			buildActionMask = 2147483647;
			files = (
				71173C0A2957576200419B98 /* TestScene.swift in Sources */,
				71173BF72957493A00419B98 /* GameScene.swift in Sources */,
				71173BF92957493A00419B98 /* GameViewController.swift in Sources */,
				71173BF12957493A00419B98 /* AppDelegate.swift in Sources */,
			);
			runOnlyForDeploymentPostprocessing = 0;
		};
/* End PBXSourcesBuildPhase section */

/* Begin PBXVariantGroup section */
		71173BFA2957493A00419B98 /* Main.storyboard */ = {
			isa = PBXVariantGroup;
			children = (
				71173BFB2957493A00419B98 /* Base */,
			);
			name = Main.storyboard;
			sourceTree = "<group>";
		};
		71173BFF2957493C00419B98 /* LaunchScreen.storyboard */ = {
			isa = PBXVariantGroup;
			children = (
				71173C002957493C00419B98 /* Base */,
			);
			name = LaunchScreen.storyboard;
			sourceTree = "<group>";
		};
/* End PBXVariantGroup section */

/* Begin XCBuildConfiguration section */
		71173C022957493C00419B98 /* Debug */ = {
			isa = XCBuildConfiguration;
			buildSettings = {
				ALWAYS_SEARCH_USER_PATHS = NO;
				CLANG_ANALYZER_NONNULL = YES;
				CLANG_ANALYZER_NUMBER_OBJECT_CONVERSION = YES_AGGRESSIVE;
				CLANG_CXX_LANGUAGE_STANDARD = "gnu++20";
				CLANG_ENABLE_MODULES = YES;
				CLANG_ENABLE_OBJC_ARC = YES;
				CLANG_ENABLE_OBJC_WEAK = YES;
				CLANG_WARN_BLOCK_CAPTURE_AUTORELEASING = YES;
				CLANG_WARN_BOOL_CONVERSION = YES;
				CLANG_WARN_COMMA = YES;
				CLANG_WARN_CONSTANT_CONVERSION = YES;
				CLANG_WARN_DEPRECATED_OBJC_IMPLEMENTATIONS = YES;
				CLANG_WARN_DIRECT_OBJC_ISA_USAGE = YES_ERROR;
				CLANG_WARN_DOCUMENTATION_COMMENTS = YES;
				CLANG_WARN_EMPTY_BODY = YES;
				CLANG_WARN_ENUM_CONVERSION = YES;
				CLANG_WARN_INFINITE_RECURSION = YES;
				CLANG_WARN_INT_CONVERSION = YES;
				CLANG_WARN_NON_LITERAL_NULL_CONVERSION = YES;
				CLANG_WARN_OBJC_IMPLICIT_RETAIN_SELF = YES;
				CLANG_WARN_OBJC_LITERAL_CONVERSION = YES;
				CLANG_WARN_OBJC_ROOT_CLASS = YES_ERROR;
				CLANG_WARN_QUOTED_INCLUDE_IN_FRAMEWORK_HEADER = YES;
				CLANG_WARN_RANGE_LOOP_ANALYSIS = YES;
				CLANG_WARN_STRICT_PROTOTYPES = YES;
				CLANG_WARN_SUSPICIOUS_MOVE = YES;
				CLANG_WARN_UNGUARDED_AVAILABILITY = YES_AGGRESSIVE;
				CLANG_WARN_UNREACHABLE_CODE = YES;
				CLANG_WARN__DUPLICATE_METHOD_MATCH = YES;
				COPY_PHASE_STRIP = NO;
				DEBUG_INFORMATION_FORMAT = dwarf;
				ENABLE_STRICT_OBJC_MSGSEND = YES;
				ENABLE_TESTABILITY = YES;
				GCC_C_LANGUAGE_STANDARD = gnu11;
				GCC_DYNAMIC_NO_PIC = NO;
				GCC_NO_COMMON_BLOCKS = YES;
				GCC_OPTIMIZATION_LEVEL = 0;
				GCC_PREPROCESSOR_DEFINITIONS = (
					"DEBUG=1",
					"$(inherited)",
				);
				GCC_WARN_64_TO_32_BIT_CONVERSION = YES;
				GCC_WARN_ABOUT_RETURN_TYPE = YES_ERROR;
				GCC_WARN_UNDECLARED_SELECTOR = YES;
				GCC_WARN_UNINITIALIZED_AUTOS = YES_AGGRESSIVE;
				GCC_WARN_UNUSED_FUNCTION = YES;
				GCC_WARN_UNUSED_VARIABLE = YES;
				IPHONEOS_DEPLOYMENT_TARGET = 16.1;
				MTL_ENABLE_DEBUG_INFO = INCLUDE_SOURCE;
				MTL_FAST_MATH = YES;
				ONLY_ACTIVE_ARCH = YES;
				SDKROOT = iphoneos;
				SWIFT_ACTIVE_COMPILATION_CONDITIONS = DEBUG;
				SWIFT_OPTIMIZATION_LEVEL = "-Onone";
			};
			name = Debug;
		};
		71173C032957493C00419B98 /* Release */ = {
			isa = XCBuildConfiguration;
			buildSettings = {
				ALWAYS_SEARCH_USER_PATHS = NO;
				CLANG_ANALYZER_NONNULL = YES;
				CLANG_ANALYZER_NUMBER_OBJECT_CONVERSION = YES_AGGRESSIVE;
				CLANG_CXX_LANGUAGE_STANDARD = "gnu++20";
				CLANG_ENABLE_MODULES = YES;
				CLANG_ENABLE_OBJC_ARC = YES;
				CLANG_ENABLE_OBJC_WEAK = YES;
				CLANG_WARN_BLOCK_CAPTURE_AUTORELEASING = YES;
				CLANG_WARN_BOOL_CONVERSION = YES;
				CLANG_WARN_COMMA = YES;
				CLANG_WARN_CONSTANT_CONVERSION = YES;
				CLANG_WARN_DEPRECATED_OBJC_IMPLEMENTATIONS = YES;
				CLANG_WARN_DIRECT_OBJC_ISA_USAGE = YES_ERROR;
				CLANG_WARN_DOCUMENTATION_COMMENTS = YES;
				CLANG_WARN_EMPTY_BODY = YES;
				CLANG_WARN_ENUM_CONVERSION = YES;
				CLANG_WARN_INFINITE_RECURSION = YES;
				CLANG_WARN_INT_CONVERSION = YES;
				CLANG_WARN_NON_LITERAL_NULL_CONVERSION = YES;
				CLANG_WARN_OBJC_IMPLICIT_RETAIN_SELF = YES;
				CLANG_WARN_OBJC_LITERAL_CONVERSION = YES;
				CLANG_WARN_OBJC_ROOT_CLASS = YES_ERROR;
				CLANG_WARN_QUOTED_INCLUDE_IN_FRAMEWORK_HEADER = YES;
				CLANG_WARN_RANGE_LOOP_ANALYSIS = YES;
				CLANG_WARN_STRICT_PROTOTYPES = YES;
				CLANG_WARN_SUSPICIOUS_MOVE = YES;
				CLANG_WARN_UNGUARDED_AVAILABILITY = YES_AGGRESSIVE;
				CLANG_WARN_UNREACHABLE_CODE = YES;
				CLANG_WARN__DUPLICATE_METHOD_MATCH = YES;
				COPY_PHASE_STRIP = NO;
				DEBUG_INFORMATION_FORMAT = "dwarf-with-dsym";
				ENABLE_NS_ASSERTIONS = NO;
				ENABLE_STRICT_OBJC_MSGSEND = YES;
				GCC_C_LANGUAGE_STANDARD = gnu11;
				GCC_NO_COMMON_BLOCKS = YES;
				GCC_WARN_64_TO_32_BIT_CONVERSION = YES;
				GCC_WARN_ABOUT_RETURN_TYPE = YES_ERROR;
				GCC_WARN_UNDECLARED_SELECTOR = YES;
				GCC_WARN_UNINITIALIZED_AUTOS = YES_AGGRESSIVE;
				GCC_WARN_UNUSED_FUNCTION = YES;
				GCC_WARN_UNUSED_VARIABLE = YES;
				IPHONEOS_DEPLOYMENT_TARGET = 16.1;
				MTL_ENABLE_DEBUG_INFO = NO;
				MTL_FAST_MATH = YES;
				SDKROOT = iphoneos;
				SWIFT_COMPILATION_MODE = wholemodule;
				SWIFT_OPTIMIZATION_LEVEL = "-O";
				VALIDATE_PRODUCT = YES;
			};
			name = Release;
		};
		71173C052957493C00419B98 /* Debug */ = {
			isa = XCBuildConfiguration;
			buildSettings = {
				ASSETCATALOG_COMPILER_APPICON_NAME = AppIcon;
				ASSETCATALOG_COMPILER_GLOBAL_ACCENT_COLOR_NAME = AccentColor;
				CODE_SIGN_STYLE = Automatic;
				CURRENT_PROJECT_VERSION = 1;
				DEVELOPMENT_TEAM = AGS5SL5799;
				GENERATE_INFOPLIST_FILE = YES;
				INFOPLIST_KEY_UIApplicationSupportsIndirectInputEvents = YES;
				INFOPLIST_KEY_UILaunchStoryboardName = LaunchScreen;
				INFOPLIST_KEY_UIMainStoryboardFile = Main;
				INFOPLIST_KEY_UIStatusBarHidden = YES;
				INFOPLIST_KEY_UISupportedInterfaceOrientations_iPad = "UIInterfaceOrientationPortrait UIInterfaceOrientationPortraitUpsideDown UIInterfaceOrientationLandscapeLeft UIInterfaceOrientationLandscapeRight";
				INFOPLIST_KEY_UISupportedInterfaceOrientations_iPhone = "UIInterfaceOrientationPortrait UIInterfaceOrientationLandscapeLeft UIInterfaceOrientationLandscapeRight";
				LD_RUNPATH_SEARCH_PATHS = (
					"$(inherited)",
					"@executable_path/Frameworks",
				);
				MARKETING_VERSION = 1.0;
				PRODUCT_BUNDLE_IDENTIFIER = com.projectyui.BodyBreakRock;
				PRODUCT_NAME = "$(TARGET_NAME)";
				SWIFT_EMIT_LOC_STRINGS = YES;
				SWIFT_VERSION = 5.0;
				TARGETED_DEVICE_FAMILY = "1,2";
			};
			name = Debug;
		};
		71173C062957493C00419B98 /* Release */ = {
			isa = XCBuildConfiguration;
			buildSettings = {
				ASSETCATALOG_COMPILER_APPICON_NAME = AppIcon;
				ASSETCATALOG_COMPILER_GLOBAL_ACCENT_COLOR_NAME = AccentColor;
				CODE_SIGN_STYLE = Automatic;
				CURRENT_PROJECT_VERSION = 1;
				DEVELOPMENT_TEAM = AGS5SL5799;
				GENERATE_INFOPLIST_FILE = YES;
				INFOPLIST_KEY_UIApplicationSupportsIndirectInputEvents = YES;
				INFOPLIST_KEY_UILaunchStoryboardName = LaunchScreen;
				INFOPLIST_KEY_UIMainStoryboardFile = Main;
				INFOPLIST_KEY_UIStatusBarHidden = YES;
				INFOPLIST_KEY_UISupportedInterfaceOrientations_iPad = "UIInterfaceOrientationPortrait UIInterfaceOrientationPortraitUpsideDown UIInterfaceOrientationLandscapeLeft UIInterfaceOrientationLandscapeRight";
				INFOPLIST_KEY_UISupportedInterfaceOrientations_iPhone = "UIInterfaceOrientationPortrait UIInterfaceOrientationLandscapeLeft UIInterfaceOrientationLandscapeRight";
				LD_RUNPATH_SEARCH_PATHS = (
					"$(inherited)",
					"@executable_path/Frameworks",
				);
				MARKETING_VERSION = 1.0;
				PRODUCT_BUNDLE_IDENTIFIER = com.projectyui.BodyBreakRock;
				PRODUCT_NAME = "$(TARGET_NAME)";
				SWIFT_EMIT_LOC_STRINGS = YES;
				SWIFT_VERSION = 5.0;
				TARGETED_DEVICE_FAMILY = "1,2";
			};
			name = Release;
		};
/* End XCBuildConfiguration section */

/* Begin XCConfigurationList section */
		71173BE82957493A00419B98 /* Build configuration list for PBXProject "BodyBreakRock" */ = {
			isa = XCConfigurationList;
			buildConfigurations = (
				71173C022957493C00419B98 /* Debug */,
				71173C032957493C00419B98 /* Release */,
			);
			defaultConfigurationIsVisible = 0;
			defaultConfigurationName = Release;
		};
		71173C042957493C00419B98 /* Build configuration list for PBXNativeTarget "BodyBreakRock" */ = {
			isa = XCConfigurationList;
			buildConfigurations = (
				71173C052957493C00419B98 /* Debug */,
				71173C062957493C00419B98 /* Release */,
			);
			defaultConfigurationIsVisible = 0;
			defaultConfigurationName = Release;
		};
/* End XCConfigurationList section */
	};
	rootObject = 71173BE52957493A00419B98 /* Project object */;
}
